// !$*UTF8*$!
{
	archiveVersion = 1;
	classes = {
	};
	objectVersion = 55;
	objects = {

/* Begin PBXBuildFile section */
		54031A9F27B58B6C0031208E /* LizaCardApp.swift in Sources */ = {isa = PBXBuildFile; fileRef = 54031A9E27B58B6C0031208E /* LizaCardApp.swift */; };
		54031AA127B58B6C0031208E /* ContentView.swift in Sources */ = {isa = PBXBuildFile; fileRef = 54031AA027B58B6C0031208E /* ContentView.swift */; };
		54031AA327B58B6F0031208E /* Assets.xcassets in Resources */ = {isa = PBXBuildFile; fileRef = 54031AA227B58B6F0031208E /* Assets.xcassets */; };
		54031AA627B58B6F0031208E /* Preview Assets.xcassets in Resources */ = {isa = PBXBuildFile; fileRef = 54031AA527B58B6F0031208E /* Preview Assets.xcassets */; };
		54031AB027B58B6F0031208E /* LizaCardTests.swift in Sources */ = {isa = PBXBuildFile; fileRef = 54031AAF27B58B6F0031208E /* LizaCardTests.swift */; };
		54031ABA27B58B6F0031208E /* LizaCardUITests.swift in Sources */ = {isa = PBXBuildFile; fileRef = 54031AB927B58B6F0031208E /* LizaCardUITests.swift */; };
		54031ABC27B58B6F0031208E /* LizaCardUITestsLaunchTests.swift in Sources */ = {isa = PBXBuildFile; fileRef = 54031ABB27B58B6F0031208E /* LizaCardUITestsLaunchTests.swift */; };
		54031ACA27B69BDB0031208E /* Pacifico-Regular.ttf in Resources */ = {isa = PBXBuildFile; fileRef = 54031AC927B69BDB0031208E /* Pacifico-Regular.ttf */; };
/* End PBXBuildFile section */

/* Begin PBXContainerItemProxy section */
		54031AAC27B58B6F0031208E /* PBXContainerItemProxy */ = {
			isa = PBXContainerItemProxy;
			containerPortal = 54031A9327B58B6C0031208E /* Project object */;
			proxyType = 1;
			remoteGlobalIDString = 54031A9A27B58B6C0031208E;
			remoteInfo = LizaCard;
		};
		54031AB627B58B6F0031208E /* PBXContainerItemProxy */ = {
			isa = PBXContainerItemProxy;
			containerPortal = 54031A9327B58B6C0031208E /* Project object */;
			proxyType = 1;
			remoteGlobalIDString = 54031A9A27B58B6C0031208E;
			remoteInfo = LizaCard;
		};
/* End PBXContainerItemProxy section */

/* Begin PBXFileReference section */
		54031A9B27B58B6C0031208E /* LizaCard.app */ = {isa = PBXFileReference; explicitFileType = wrapper.application; includeInIndex = 0; path = LizaCard.app; sourceTree = BUILT_PRODUCTS_DIR; };
		54031A9E27B58B6C0031208E /* LizaCardApp.swift */ = {isa = PBXFileReference; lastKnownFileType = sourcecode.swift; path = LizaCardApp.swift; sourceTree = "<group>"; };
		54031AA027B58B6C0031208E /* ContentView.swift */ = {isa = PBXFileReference; lastKnownFileType = sourcecode.swift; path = ContentView.swift; sourceTree = "<group>"; };
		54031AA227B58B6F0031208E /* Assets.xcassets */ = {isa = PBXFileReference; lastKnownFileType = folder.assetcatalog; path = Assets.xcassets; sourceTree = "<group>"; };
		54031AA527B58B6F0031208E /* Preview Assets.xcassets */ = {isa = PBXFileReference; lastKnownFileType = folder.assetcatalog; path = "Preview Assets.xcassets"; sourceTree = "<group>"; };
		54031AAB27B58B6F0031208E /* LizaCardTests.xctest */ = {isa = PBXFileReference; explicitFileType = wrapper.cfbundle; includeInIndex = 0; path = LizaCardTests.xctest; sourceTree = BUILT_PRODUCTS_DIR; };
		54031AAF27B58B6F0031208E /* LizaCardTests.swift */ = {isa = PBXFileReference; lastKnownFileType = sourcecode.swift; path = LizaCardTests.swift; sourceTree = "<group>"; };
		54031AB527B58B6F0031208E /* LizaCardUITests.xctest */ = {isa = PBXFileReference; explicitFileType = wrapper.cfbundle; includeInIndex = 0; path = LizaCardUITests.xctest; sourceTree = BUILT_PRODUCTS_DIR; };
		54031AB927B58B6F0031208E /* LizaCardUITests.swift */ = {isa = PBXFileReference; lastKnownFileType = sourcecode.swift; path = LizaCardUITests.swift; sourceTree = "<group>"; };
		54031ABB27B58B6F0031208E /* LizaCardUITestsLaunchTests.swift */ = {isa = PBXFileReference; lastKnownFileType = sourcecode.swift; path = LizaCardUITestsLaunchTests.swift; sourceTree = "<group>"; };
		54031AC927B69BDB0031208E /* Pacifico-Regular.ttf */ = {isa = PBXFileReference; lastKnownFileType = file; path = "Pacifico-Regular.ttf"; sourceTree = "<group>"; };
		54031ACB27B69EB70031208E /* Info.plist */ = {isa = PBXFileReference; lastKnownFileType = text.plist; path = Info.plist; sourceTree = "<group>"; };
/* End PBXFileReference section */

/* Begin PBXFrameworksBuildPhase section */
		54031A9827B58B6C0031208E /* Frameworks */ = {
			isa = PBXFrameworksBuildPhase;
			buildActionMask = 2147483647;
			files = (
			);
			runOnlyForDeploymentPostprocessing = 0;
		};
		54031AA827B58B6F0031208E /* Frameworks */ = {
			isa = PBXFrameworksBuildPhase;
			buildActionMask = 2147483647;
			files = (
			);
			runOnlyForDeploymentPostprocessing = 0;
		};
		54031AB227B58B6F0031208E /* Frameworks */ = {
			isa = PBXFrameworksBuildPhase;
			buildActionMask = 2147483647;
			files = (
			);
			runOnlyForDeploymentPostprocessing = 0;
		};
/* End PBXFrameworksBuildPhase section */

/* Begin PBXGroup section */
		54031A9227B58B6C0031208E = {
			isa = PBXGroup;
			children = (
				54031A9D27B58B6C0031208E /* LizaCard */,
				54031AAE27B58B6F0031208E /* LizaCardTests */,
				54031AB827B58B6F0031208E /* LizaCardUITests */,
				54031A9C27B58B6C0031208E /* Products */,
			);
			sourceTree = "<group>";
		};
		54031A9C27B58B6C0031208E /* Products */ = {
			isa = PBXGroup;
			children = (
				54031A9B27B58B6C0031208E /* LizaCard.app */,
				54031AAB27B58B6F0031208E /* LizaCardTests.xctest */,
				54031AB527B58B6F0031208E /* LizaCardUITests.xctest */,
			);
			name = Products;
			sourceTree = "<group>";
		};
		54031A9D27B58B6C0031208E /* LizaCard */ = {
			isa = PBXGroup;
			children = (
				54031ACB27B69EB70031208E /* Info.plist */,
				54031AC827B69B9F0031208E /* Fonts */,
				54031A9E27B58B6C0031208E /* LizaCardApp.swift */,
				54031AA027B58B6C0031208E /* ContentView.swift */,
				54031AA227B58B6F0031208E /* Assets.xcassets */,
				54031AA427B58B6F0031208E /* Preview Content */,
			);
			path = LizaCard;
			sourceTree = "<group>";
		};
		54031AA427B58B6F0031208E /* Preview Content */ = {
			isa = PBXGroup;
			children = (
				54031AA527B58B6F0031208E /* Preview Assets.xcassets */,
			);
			path = "Preview Content";
			sourceTree = "<group>";
		};
		54031AAE27B58B6F0031208E /* LizaCardTests */ = {
			isa = PBXGroup;
			children = (
				54031AAF27B58B6F0031208E /* LizaCardTests.swift */,
			);
			path = LizaCardTests;
			sourceTree = "<group>";
		};
		54031AB827B58B6F0031208E /* LizaCardUITests */ = {
			isa = PBXGroup;
			children = (
				54031AB927B58B6F0031208E /* LizaCardUITests.swift */,
				54031ABB27B58B6F0031208E /* LizaCardUITestsLaunchTests.swift */,
			);
			path = LizaCardUITests;
			sourceTree = "<group>";
		};
		54031AC827B69B9F0031208E /* Fonts */ = {
			isa = PBXGroup;
			children = (
				54031AC927B69BDB0031208E /* Pacifico-Regular.ttf */,
			);
			path = Fonts;
			sourceTree = "<group>";
		};
/* End PBXGroup section */

/* Begin PBXNativeTarget section */
		54031A9A27B58B6C0031208E /* LizaCard */ = {
			isa = PBXNativeTarget;
			buildConfigurationList = 54031ABF27B58B6F0031208E /* Build configuration list for PBXNativeTarget "LizaCard" */;
			buildPhases = (
				54031A9727B58B6C0031208E /* Sources */,
				54031A9827B58B6C0031208E /* Frameworks */,
				54031A9927B58B6C0031208E /* Resources */,
			);
			buildRules = (
			);
			dependencies = (
			);
			name = LizaCard;
			productName = LizaCard;
			productReference = 54031A9B27B58B6C0031208E /* LizaCard.app */;
			productType = "com.apple.product-type.application";
		};
		54031AAA27B58B6F0031208E /* LizaCardTests */ = {
			isa = PBXNativeTarget;
			buildConfigurationList = 54031AC227B58B6F0031208E /* Build configuration list for PBXNativeTarget "LizaCardTests" */;
			buildPhases = (
				54031AA727B58B6F0031208E /* Sources */,
				54031AA827B58B6F0031208E /* Frameworks */,
				54031AA927B58B6F0031208E /* Resources */,
			);
			buildRules = (
			);
			dependencies = (
				54031AAD27B58B6F0031208E /* PBXTargetDependency */,
			);
			name = LizaCardTests;
			productName = LizaCardTests;
			productReference = 54031AAB27B58B6F0031208E /* LizaCardTests.xctest */;
			productType = "com.apple.product-type.bundle.unit-test";
		};
		54031AB427B58B6F0031208E /* LizaCardUITests */ = {
			isa = PBXNativeTarget;
			buildConfigurationList = 54031AC527B58B6F0031208E /* Build configuration list for PBXNativeTarget "LizaCardUITests" */;
			buildPhases = (
				54031AB127B58B6F0031208E /* Sources */,
				54031AB227B58B6F0031208E /* Frameworks */,
				54031AB327B58B6F0031208E /* Resources */,
			);
			buildRules = (
			);
			dependencies = (
				54031AB727B58B6F0031208E /* PBXTargetDependency */,
			);
			name = LizaCardUITests;
			productName = LizaCardUITests;
			productReference = 54031AB527B58B6F0031208E /* LizaCardUITests.xctest */;
			productType = "com.apple.product-type.bundle.ui-testing";
		};
/* End PBXNativeTarget section */

/* Begin PBXProject section */
		54031A9327B58B6C0031208E /* Project object */ = {
			isa = PBXProject;
			attributes = {
				BuildIndependentTargetsInParallel = 1;
				LastSwiftUpdateCheck = 1310;
				LastUpgradeCheck = 1310;
				TargetAttributes = {
					54031A9A27B58B6C0031208E = {
						CreatedOnToolsVersion = 13.1;
					};
					54031AAA27B58B6F0031208E = {
						CreatedOnToolsVersion = 13.1;
						TestTargetID = 54031A9A27B58B6C0031208E;
					};
					54031AB427B58B6F0031208E = {
						CreatedOnToolsVersion = 13.1;
						TestTargetID = 54031A9A27B58B6C0031208E;
					};
				};
			};
			buildConfigurationList = 54031A9627B58B6C0031208E /* Build configuration list for PBXProject "LizaCard" */;
			compatibilityVersion = "Xcode 13.0";
			developmentRegion = en;
			hasScannedForEncodings = 0;
			knownRegions = (
				en,
				Base,
			);
			mainGroup = 54031A9227B58B6C0031208E;
			productRefGroup = 54031A9C27B58B6C0031208E /* Products */;
			projectDirPath = "";
			projectRoot = "";
			targets = (
				54031A9A27B58B6C0031208E /* LizaCard */,
				54031AAA27B58B6F0031208E /* LizaCardTests */,
				54031AB427B58B6F0031208E /* LizaCardUITests */,
			);
		};
/* End PBXProject section */

/* Begin PBXResourcesBuildPhase section */
		54031A9927B58B6C0031208E /* Resources */ = {
			isa = PBXResourcesBuildPhase;
			buildActionMask = 2147483647;
			files = (
				54031ACA27B69BDB0031208E /* Pacifico-Regular.ttf in Resources */,
				54031AA627B58B6F0031208E /* Preview Assets.xcassets in Resources */,
				54031AA327B58B6F0031208E /* Assets.xcassets in Resources */,
			);
			runOnlyForDeploymentPostprocessing = 0;
		};
		54031AA927B58B6F0031208E /* Resources */ = {
			isa = PBXResourcesBuildPhase;
			buildActionMask = 2147483647;
			files = (
			);
			runOnlyForDeploymentPostprocessing = 0;
		};
		54031AB327B58B6F0031208E /* Resources */ = {
			isa = PBXResourcesBuildPhase;
			buildActionMask = 2147483647;
			files = (
			);
			runOnlyForDeploymentPostprocessing = 0;
		};
/* End PBXResourcesBuildPhase section */

/* Begin PBXSourcesBuildPhase section */
		54031A9727B58B6C0031208E /* Sources */ = {
			isa = PBXSourcesBuildPhase;
			buildActionMask = 2147483647;
			files = (
				54031AA127B58B6C0031208E /* ContentView.swift in Sources */,
				54031A9F27B58B6C0031208E /* LizaCardApp.swift in Sources */,
			);
			runOnlyForDeploymentPostprocessing = 0;
		};
		54031AA727B58B6F0031208E /* Sources */ = {
			isa = PBXSourcesBuildPhase;
			buildActionMask = 2147483647;
			files = (
				54031AB027B58B6F0031208E /* LizaCardTests.swift in Sources */,
			);
			runOnlyForDeploymentPostprocessing = 0;
		};
		54031AB127B58B6F0031208E /* Sources */ = {
			isa = PBXSourcesBuildPhase;
			buildActionMask = 2147483647;
			files = (
				54031ABC27B58B6F0031208E /* LizaCardUITestsLaunchTests.swift in Sources */,
				54031ABA27B58B6F0031208E /* LizaCardUITests.swift in Sources */,
			);
			runOnlyForDeploymentPostprocessing = 0;
		};
/* End PBXSourcesBuildPhase section */

/* Begin PBXTargetDependency section */
		54031AAD27B58B6F0031208E /* PBXTargetDependency */ = {
			isa = PBXTargetDependency;
			target = 54031A9A27B58B6C0031208E /* LizaCard */;
			targetProxy = 54031AAC27B58B6F0031208E /* PBXContainerItemProxy */;
		};
		54031AB727B58B6F0031208E /* PBXTargetDependency */ = {
			isa = PBXTargetDependency;
			target = 54031A9A27B58B6C0031208E /* LizaCard */;
			targetProxy = 54031AB627B58B6F0031208E /* PBXContainerItemProxy */;
		};
/* End PBXTargetDependency section */

/* Begin XCBuildConfiguration section */
		54031ABD27B58B6F0031208E /* Debug */ = {
			isa = XCBuildConfiguration;
			buildSettings = {
				ALWAYS_SEARCH_USER_PATHS = NO;
				CLANG_ANALYZER_NONNULL = YES;
				CLANG_ANALYZER_NUMBER_OBJECT_CONVERSION = YES_AGGRESSIVE;
				CLANG_CXX_LANGUAGE_STANDARD = "gnu++17";
				CLANG_CXX_LIBRARY = "libc++";
				CLANG_ENABLE_MODULES = YES;
				CLANG_ENABLE_OBJC_ARC = YES;
				CLANG_ENABLE_OBJC_WEAK = YES;
				CLANG_WARN_BLOCK_CAPTURE_AUTORELEASING = YES;
				CLANG_WARN_BOOL_CONVERSION = YES;
				CLANG_WARN_COMMA = YES;
				CLANG_WARN_CONSTANT_CONVERSION = YES;
				CLANG_WARN_DEPRECATED_OBJC_IMPLEMENTATIONS = YES;
				CLANG_WARN_DIRECT_OBJC_ISA_USAGE = YES_ERROR;
				CLANG_WARN_DOCUMENTATION_COMMENTS = YES;
				CLANG_WARN_EMPTY_BODY = YES;
				CLANG_WARN_ENUM_CONVERSION = YES;
				CLANG_WARN_INFINITE_RECURSION = YES;
				CLANG_WARN_INT_CONVERSION = YES;
				CLANG_WARN_NON_LITERAL_NULL_CONVERSION = YES;
				CLANG_WARN_OBJC_IMPLICIT_RETAIN_SELF = YES;
				CLANG_WARN_OBJC_LITERAL_CONVERSION = YES;
				CLANG_WARN_OBJC_ROOT_CLASS = YES_ERROR;
				CLANG_WARN_QUOTED_INCLUDE_IN_FRAMEWORK_HEADER = YES;
				CLANG_WARN_RANGE_LOOP_ANALYSIS = YES;
				CLANG_WARN_STRICT_PROTOTYPES = YES;
				CLANG_WARN_SUSPICIOUS_MOVE = YES;
				CLANG_WARN_UNGUARDED_AVAILABILITY = YES_AGGRESSIVE;
				CLANG_WARN_UNREACHABLE_CODE = YES;
				CLANG_WARN__DUPLICATE_METHOD_MATCH = YES;
				COPY_PHASE_STRIP = NO;
				DEBUG_INFORMATION_FORMAT = dwarf;
				ENABLE_STRICT_OBJC_MSGSEND = YES;
				ENABLE_TESTABILITY = YES;
				GCC_C_LANGUAGE_STANDARD = gnu11;
				GCC_DYNAMIC_NO_PIC = NO;
				GCC_NO_COMMON_BLOCKS = YES;
				GCC_OPTIMIZATION_LEVEL = 0;
				GCC_PREPROCESSOR_DEFINITIONS = (
					"DEBUG=1",
					"$(inherited)",
				);
				GCC_WARN_64_TO_32_BIT_CONVERSION = YES;
				GCC_WARN_ABOUT_RETURN_TYPE = YES_ERROR;
				GCC_WARN_UNDECLARED_SELECTOR = YES;
				GCC_WARN_UNINITIALIZED_AUTOS = YES_AGGRESSIVE;
				GCC_WARN_UNUSED_FUNCTION = YES;
				GCC_WARN_UNUSED_VARIABLE = YES;
				IPHONEOS_DEPLOYMENT_TARGET = 15.0;
				MTL_ENABLE_DEBUG_INFO = INCLUDE_SOURCE;
				MTL_FAST_MATH = YES;
				ONLY_ACTIVE_ARCH = YES;
				SDKROOT = iphoneos;
				SWIFT_ACTIVE_COMPILATION_CONDITIONS = DEBUG;
				SWIFT_OPTIMIZATION_LEVEL = "-Onone";
			};
			name = Debug;
		};
		54031ABE27B58B6F0031208E /* Release */ = {
			isa = XCBuildConfiguration;
			buildSettings = {
				ALWAYS_SEARCH_USER_PATHS = NO;
				CLANG_ANALYZER_NONNULL = YES;
				CLANG_ANALYZER_NUMBER_OBJECT_CONVERSION = YES_AGGRESSIVE;
				CLANG_CXX_LANGUAGE_STANDARD = "gnu++17";
				CLANG_CXX_LIBRARY = "libc++";
				CLANG_ENABLE_MODULES = YES;
				CLANG_ENABLE_OBJC_ARC = YES;
				CLANG_ENABLE_OBJC_WEAK = YES;
				CLANG_WARN_BLOCK_CAPTURE_AUTORELEASING = YES;
				CLANG_WARN_BOOL_CONVERSION = YES;
				CLANG_WARN_COMMA = YES;
				CLANG_WARN_CONSTANT_CONVERSION = YES;
				CLANG_WARN_DEPRECATED_OBJC_IMPLEMENTATIONS = YES;
				CLANG_WARN_DIRECT_OBJC_ISA_USAGE = YES_ERROR;
				CLANG_WARN_DOCUMENTATION_COMMENTS = YES;
				CLANG_WARN_EMPTY_BODY = YES;
				CLANG_WARN_ENUM_CONVERSION = YES;
				CLANG_WARN_INFINITE_RECURSION = YES;
				CLANG_WARN_INT_CONVERSION = YES;
				CLANG_WARN_NON_LITERAL_NULL_CONVERSION = YES;
				CLANG_WARN_OBJC_IMPLICIT_RETAIN_SELF = YES;
				CLANG_WARN_OBJC_LITERAL_CONVERSION = YES;
				CLANG_WARN_OBJC_ROOT_CLASS = YES_ERROR;
				CLANG_WARN_QUOTED_INCLUDE_IN_FRAMEWORK_HEADER = YES;
				CLANG_WARN_RANGE_LOOP_ANALYSIS = YES;
				CLANG_WARN_STRICT_PROTOTYPES = YES;
				CLANG_WARN_SUSPICIOUS_MOVE = YES;
				CLANG_WARN_UNGUARDED_AVAILABILITY = YES_AGGRESSIVE;
				CLANG_WARN_UNREACHABLE_CODE = YES;
				CLANG_WARN__DUPLICATE_METHOD_MATCH = YES;
				COPY_PHASE_STRIP = NO;
				DEBUG_INFORMATION_FORMAT = "dwarf-with-dsym";
				ENABLE_NS_ASSERTIONS = NO;
				ENABLE_STRICT_OBJC_MSGSEND = YES;
				GCC_C_LANGUAGE_STANDARD = gnu11;
				GCC_NO_COMMON_BLOCKS = YES;
				GCC_WARN_64_TO_32_BIT_CONVERSION = YES;
				GCC_WARN_ABOUT_RETURN_TYPE = YES_ERROR;
				GCC_WARN_UNDECLARED_SELECTOR = YES;
				GCC_WARN_UNINITIALIZED_AUTOS = YES_AGGRESSIVE;
				GCC_WARN_UNUSED_FUNCTION = YES;
				GCC_WARN_UNUSED_VARIABLE = YES;
				IPHONEOS_DEPLOYMENT_TARGET = 15.0;
				MTL_ENABLE_DEBUG_INFO = NO;
				MTL_FAST_MATH = YES;
				SDKROOT = iphoneos;
				SWIFT_COMPILATION_MODE = wholemodule;
				SWIFT_OPTIMIZATION_LEVEL = "-O";
				VALIDATE_PRODUCT = YES;
			};
			name = Release;
		};
		54031AC027B58B6F0031208E /* Debug */ = {
			isa = XCBuildConfiguration;
			buildSettings = {
				ASSETCATALOG_COMPILER_APPICON_NAME = AppIcon;
				ASSETCATALOG_COMPILER_GLOBAL_ACCENT_COLOR_NAME = AccentColor;
				CODE_SIGN_STYLE = Automatic;
				CURRENT_PROJECT_VERSION = 1;
				DEVELOPMENT_ASSET_PATHS = "\"LizaCard/Preview Content\"";
				DEVELOPMENT_TEAM = HW2G48N5WT;
				ENABLE_PREVIEWS = YES;
				GENERATE_INFOPLIST_FILE = YES;
				INFOPLIST_FILE = LizaCard/Info.plist;
				INFOPLIST_KEY_UIApplicationSceneManifest_Generation = YES;
				INFOPLIST_KEY_UIApplicationSupportsIndirectInputEvents = YES;
				INFOPLIST_KEY_UILaunchScreen_Generation = YES;
				INFOPLIST_KEY_UISupportedInterfaceOrientations_iPad = "UIInterfaceOrientationPortrait UIInterfaceOrientationPortraitUpsideDown UIInterfaceOrientationLandscapeLeft UIInterfaceOrientationLandscapeRight";
				INFOPLIST_KEY_UISupportedInterfaceOrientations_iPhone = "UIInterfaceOrientationPortrait UIInterfaceOrientationLandscapeLeft UIInterfaceOrientationLandscapeRight";
				LD_RUNPATH_SEARCH_PATHS = (
					"$(inherited)",
					"@executable_path/Frameworks",
				);
				MARKETING_VERSION = 1.0;
				PRODUCT_BUNDLE_IDENTIFIER = com.liza.LizaCard;
				PRODUCT_NAME = "$(TARGET_NAME)";
				SWIFT_EMIT_LOC_STRINGS = YES;
				SWIFT_VERSION = 5.0;
				TARGETED_DEVICE_FAMILY = "1,2";
			};
			name = Debug;
		};
		54031AC127B58B6F0031208E /* Release */ = {
			isa = XCBuildConfiguration;
			buildSettings = {
				ASSETCATALOG_COMPILER_APPICON_NAME = AppIcon;
				ASSETCATALOG_COMPILER_GLOBAL_ACCENT_COLOR_NAME = AccentColor;
				CODE_SIGN_STYLE = Automatic;
				CURRENT_PROJECT_VERSION = 1;
				DEVELOPMENT_ASSET_PATHS = "\"LizaCard/Preview Content\"";
				DEVELOPMENT_TEAM = HW2G48N5WT;
				ENABLE_PREVIEWS = YES;
				GENERATE_INFOPLIST_FILE = YES;
				INFOPLIST_FILE = LizaCard/Info.plist;
				INFOPLIST_KEY_UIApplicationSceneManifest_Generation = YES;
				INFOPLIST_KEY_UIApplicationSupportsIndirectInputEvents = YES;
				INFOPLIST_KEY_UILaunchScreen_Generation = YES;
				INFOPLIST_KEY_UISupportedInterfaceOrientations_iPad = "UIInterfaceOrientationPortrait UIInterfaceOrientationPortraitUpsideDown UIInterfaceOrientationLandscapeLeft UIInterfaceOrientationLandscapeRight";
				INFOPLIST_KEY_UISupportedInterfaceOrientations_iPhone = "UIInterfaceOrientationPortrait UIInterfaceOrientationLandscapeLeft UIInterfaceOrientationLandscapeRight";
				LD_RUNPATH_SEARCH_PATHS = (
					"$(inherited)",
					"@executable_path/Frameworks",
				);
				MARKETING_VERSION = 1.0;
				PRODUCT_BUNDLE_IDENTIFIER = com.liza.LizaCard;
				PRODUCT_NAME = "$(TARGET_NAME)";
				SWIFT_EMIT_LOC_STRINGS = YES;
				SWIFT_VERSION = 5.0;
				TARGETED_DEVICE_FAMILY = "1,2";
			};
			name = Release;
		};
		54031AC327B58B6F0031208E /* Debug */ = {
			isa = XCBuildConfiguration;
			buildSettings = {
				ALWAYS_EMBED_SWIFT_STANDARD_LIBRARIES = YES;
				BUNDLE_LOADER = "$(TEST_HOST)";
				CODE_SIGN_STYLE = Automatic;
				CURRENT_PROJECT_VERSION = 1;
				DEVELOPMENT_TEAM = HW2G48N5WT;
				GENERATE_INFOPLIST_FILE = YES;
				IPHONEOS_DEPLOYMENT_TARGET = 15.0;
				LD_RUNPATH_SEARCH_PATHS = (
					"$(inherited)",
					"@executable_path/Frameworks",
					"@loader_path/Frameworks",
				);
				MARKETING_VERSION = 1.0;
				PRODUCT_BUNDLE_IDENTIFIER = com.liza.LizaCardTests;
				PRODUCT_NAME = "$(TARGET_NAME)";
				SWIFT_EMIT_LOC_STRINGS = NO;
				SWIFT_VERSION = 5.0;
				TARGETED_DEVICE_FAMILY = "1,2";
				TEST_HOST = "$(BUILT_PRODUCTS_DIR)/LizaCard.app/LizaCard";
			};
			name = Debug;
		};
		54031AC427B58B6F0031208E /* Release */ = {
			isa = XCBuildConfiguration;
			buildSettings = {
				ALWAYS_EMBED_SWIFT_STANDARD_LIBRARIES = YES;
				BUNDLE_LOADER = "$(TEST_HOST)";
				CODE_SIGN_STYLE = Automatic;
				CURRENT_PROJECT_VERSION = 1;
				DEVELOPMENT_TEAM = HW2G48N5WT;
				GENERATE_INFOPLIST_FILE = YES;
				IPHONEOS_DEPLOYMENT_TARGET = 15.0;
				LD_RUNPATH_SEARCH_PATHS = (
					"$(inherited)",
					"@executable_path/Frameworks",
					"@loader_path/Frameworks",
				);
				MARKETING_VERSION = 1.0;
				PRODUCT_BUNDLE_IDENTIFIER = com.liza.LizaCardTests;
				PRODUCT_NAME = "$(TARGET_NAME)";
				SWIFT_EMIT_LOC_STRINGS = NO;
				SWIFT_VERSION = 5.0;
				TARGETED_DEVICE_FAMILY = "1,2";
				TEST_HOST = "$(BUILT_PRODUCTS_DIR)/LizaCard.app/LizaCard";
			};
			name = Release;
		};
		54031AC627B58B6F0031208E /* Debug */ = {
			isa = XCBuildConfiguration;
			buildSettings = {
				ALWAYS_EMBED_SWIFT_STANDARD_LIBRARIES = YES;
				CODE_SIGN_STYLE = Automatic;
				CURRENT_PROJECT_VERSION = 1;
				DEVELOPMENT_TEAM = HW2G48N5WT;
				GENERATE_INFOPLIST_FILE = YES;
				LD_RUNPATH_SEARCH_PATHS = (
					"$(inherited)",
					"@executable_path/Frameworks",
					"@loader_path/Frameworks",
				);
				MARKETING_VERSION = 1.0;
				PRODUCT_BUNDLE_IDENTIFIER = com.liza.LizaCardUITests;
				PRODUCT_NAME = "$(TARGET_NAME)";
				SWIFT_EMIT_LOC_STRINGS = NO;
				SWIFT_VERSION = 5.0;
				TARGETED_DEVICE_FAMILY = "1,2";
				TEST_TARGET_NAME = LizaCard;
			};
			name = Debug;
		};
		54031AC727B58B6F0031208E /* Release */ = {
			isa = XCBuildConfiguration;
			buildSettings = {
				ALWAYS_EMBED_SWIFT_STANDARD_LIBRARIES = YES;
				CODE_SIGN_STYLE = Automatic;
				CURRENT_PROJECT_VERSION = 1;
				DEVELOPMENT_TEAM = HW2G48N5WT;
				GENERATE_INFOPLIST_FILE = YES;
				LD_RUNPATH_SEARCH_PATHS = (
					"$(inherited)",
					"@executable_path/Frameworks",
					"@loader_path/Frameworks",
				);
				MARKETING_VERSION = 1.0;
				PRODUCT_BUNDLE_IDENTIFIER = com.liza.LizaCardUITests;
				PRODUCT_NAME = "$(TARGET_NAME)";
				SWIFT_EMIT_LOC_STRINGS = NO;
				SWIFT_VERSION = 5.0;
				TARGETED_DEVICE_FAMILY = "1,2";
				TEST_TARGET_NAME = LizaCard;
			};
			name = Release;
		};
/* End XCBuildConfiguration section */

/* Begin XCConfigurationList section */
		54031A9627B58B6C0031208E /* Build configuration list for PBXProject "LizaCard" */ = {
			isa = XCConfigurationList;
			buildConfigurations = (
				54031ABD27B58B6F0031208E /* Debug */,
				54031ABE27B58B6F0031208E /* Release */,
			);
			defaultConfigurationIsVisible = 0;
			defaultConfigurationName = Release;
		};
		54031ABF27B58B6F0031208E /* Build configuration list for PBXNativeTarget "LizaCard" */ = {
			isa = XCConfigurationList;
			buildConfigurations = (
				54031AC027B58B6F0031208E /* Debug */,
				54031AC127B58B6F0031208E /* Release */,
			);
			defaultConfigurationIsVisible = 0;
			defaultConfigurationName = Release;
		};
		54031AC227B58B6F0031208E /* Build configuration list for PBXNativeTarget "LizaCardTests" */ = {
			isa = XCConfigurationList;
			buildConfigurations = (
				54031AC327B58B6F0031208E /* Debug */,
				54031AC427B58B6F0031208E /* Release */,
			);
			defaultConfigurationIsVisible = 0;
			defaultConfigurationName = Release;
		};
		54031AC527B58B6F0031208E /* Build configuration list for PBXNativeTarget "LizaCardUITests" */ = {
			isa = XCConfigurationList;
			buildConfigurations = (
				54031AC627B58B6F0031208E /* Debug */,
				54031AC727B58B6F0031208E /* Release */,
			);
			defaultConfigurationIsVisible = 0;
			defaultConfigurationName = Release;
		};
/* End XCConfigurationList section */
	};
	rootObject = 54031A9327B58B6C0031208E /* Project object */;
}
